// !$*UTF8*$!
{
	archiveVersion = 1;
	classes = {
	};
	objectVersion = 55;
	objects = {

/* Begin PBXBuildFile section */
		7462B2AB2966BE7F0015469E /* DetailController.swift in Sources */ = {isa = PBXBuildFile; fileRef = 7462B2AA2966BE7F0015469E /* DetailController.swift */; };
		7462B2AF2966CE630015469E /* DetailResponse.swift in Sources */ = {isa = PBXBuildFile; fileRef = 7462B2AE2966CE630015469E /* DetailResponse.swift */; };
		7462B2B12966CF320015469E /* DetailUIModel.swift in Sources */ = {isa = PBXBuildFile; fileRef = 7462B2B02966CF320015469E /* DetailUIModel.swift */; };
		7462B2B32966D0090015469E /* DetailRepository.swift in Sources */ = {isa = PBXBuildFile; fileRef = 7462B2B22966D0090015469E /* DetailRepository.swift */; };
		7462B2B52966D0630015469E /* DetailRemoteService.swift in Sources */ = {isa = PBXBuildFile; fileRef = 7462B2B42966D0630015469E /* DetailRemoteService.swift */; };
		7462B2B829673D600015469E /* PosterHeaderCell.swift in Sources */ = {isa = PBXBuildFile; fileRef = 7462B2B629673D600015469E /* PosterHeaderCell.swift */; };
		7462B2BD29673F790015469E /* PosterHeaderCell.xib in Resources */ = {isa = PBXBuildFile; fileRef = 7462B2BC29673F790015469E /* PosterHeaderCell.xib */; };
		7483A73F2964C1E900643832 /* HomeController.swift in Sources */ = {isa = PBXBuildFile; fileRef = 7483A73E2964C1E900643832 /* HomeController.swift */; };
		7483A7412964C29700643832 /* SearchResultCell.xib in Resources */ = {isa = PBXBuildFile; fileRef = 7483A7402964C29700643832 /* SearchResultCell.xib */; };
		7483A7432964C51B00643832 /* SearchResultCell.swift in Sources */ = {isa = PBXBuildFile; fileRef = 7483A7422964C51B00643832 /* SearchResultCell.swift */; };
		7483A747296575DB00643832 /* SearchRepository.swift in Sources */ = {isa = PBXBuildFile; fileRef = 7483A746296575DB00643832 /* SearchRepository.swift */; };
		7483A749296577A400643832 /* RepositoryRegistration.swift in Sources */ = {isa = PBXBuildFile; fileRef = 7483A748296577A400643832 /* RepositoryRegistration.swift */; };
		7483A74B2965787A00643832 /* MultiSearchUIModel.swift in Sources */ = {isa = PBXBuildFile; fileRef = 7483A74A2965787A00643832 /* MultiSearchUIModel.swift */; };
		748863622964AEF100B1BF91 /* ImageviewExtension.swift in Sources */ = {isa = PBXBuildFile; fileRef = 748863612964AEF100B1BF91 /* ImageviewExtension.swift */; };
		748863652964B27500B1BF91 /* Endpoints.swift in Sources */ = {isa = PBXBuildFile; fileRef = 748863642964B27500B1BF91 /* Endpoints.swift */; };
		748863682964B48400B1BF91 /* MultiSearchResponse.swift in Sources */ = {isa = PBXBuildFile; fileRef = 748863672964B48400B1BF91 /* MultiSearchResponse.swift */; };
		7488636B2964B5DA00B1BF91 /* SearchRemoteService.swift in Sources */ = {isa = PBXBuildFile; fileRef = 7488636A2964B5DA00B1BF91 /* SearchRemoteService.swift */; };
		74F6E410296443D400795629 /* AppDelegate.swift in Sources */ = {isa = PBXBuildFile; fileRef = 74F6E40F296443D400795629 /* AppDelegate.swift */; };
		74F6E412296443D400795629 /* SceneDelegate.swift in Sources */ = {isa = PBXBuildFile; fileRef = 74F6E411296443D400795629 /* SceneDelegate.swift */; };
		74F6E414296443D400795629 /* SearchController.swift in Sources */ = {isa = PBXBuildFile; fileRef = 74F6E413296443D400795629 /* SearchController.swift */; };
		74F6E417296443D400795629 /* Main.storyboard in Resources */ = {isa = PBXBuildFile; fileRef = 74F6E415296443D400795629 /* Main.storyboard */; };
		74F6E419296443D400795629 /* Assets.xcassets in Resources */ = {isa = PBXBuildFile; fileRef = 74F6E418296443D400795629 /* Assets.xcassets */; };
		74F6E41C296443D400795629 /* LaunchScreen.storyboard in Resources */ = {isa = PBXBuildFile; fileRef = 74F6E41A296443D400795629 /* LaunchScreen.storyboard */; };
		74F6E42A2964740B00795629 /* AppConfig.swift in Sources */ = {isa = PBXBuildFile; fileRef = 74F6E4292964740B00795629 /* AppConfig.swift */; };
		74F6E42E29647AC500795629 /* RequestObject.swift in Sources */ = {isa = PBXBuildFile; fileRef = 74F6E42D29647AC500795629 /* RequestObject.swift */; };
		74F6E43029647AF500795629 /* HTTPMethod.swift in Sources */ = {isa = PBXBuildFile; fileRef = 74F6E42F29647AF500795629 /* HTTPMethod.swift */; };
		74F6E43329647B2B00795629 /* URLComponentExtensions.swift in Sources */ = {isa = PBXBuildFile; fileRef = 74F6E43229647B2B00795629 /* URLComponentExtensions.swift */; };
		74F6E43629647B7B00795629 /* HTTPStatus.swift in Sources */ = {isa = PBXBuildFile; fileRef = 74F6E43529647B7B00795629 /* HTTPStatus.swift */; };
		74F6E43829647CDC00795629 /* AppError.swift in Sources */ = {isa = PBXBuildFile; fileRef = 74F6E43729647CDC00795629 /* AppError.swift */; };
		74F6E43A29647CF800795629 /* DateFormatter.swift in Sources */ = {isa = PBXBuildFile; fileRef = 74F6E43929647CF800795629 /* DateFormatter.swift */; };
		74F6E43C29647D1A00795629 /* HTTPResponseExtension.swift in Sources */ = {isa = PBXBuildFile; fileRef = 74F6E43B29647D1A00795629 /* HTTPResponseExtension.swift */; };
		74F6E43E29647D3700795629 /* URLSessionExtension.swift in Sources */ = {isa = PBXBuildFile; fileRef = 74F6E43D29647D3700795629 /* URLSessionExtension.swift */; };
		74F6E44129647D5500795629 /* NetworkLoader.swift in Sources */ = {isa = PBXBuildFile; fileRef = 74F6E44029647D5500795629 /* NetworkLoader.swift */; };
		74F6E44329647DEB00795629 /* TargetEndpointProtocol.swift in Sources */ = {isa = PBXBuildFile; fileRef = 74F6E44229647DEB00795629 /* TargetEndpointProtocol.swift */; };
		74F6E44529647E3E00795629 /* BaseServiceProtocol.swift in Sources */ = {isa = PBXBuildFile; fileRef = 74F6E44429647E3E00795629 /* BaseServiceProtocol.swift */; };
		74F6E44729647EFD00795629 /* Requestable.swift in Sources */ = {isa = PBXBuildFile; fileRef = 74F6E44629647EFD00795629 /* Requestable.swift */; };
		74F6E44A296480BD00795629 /* StringExtensions.swift in Sources */ = {isa = PBXBuildFile; fileRef = 74F6E449296480BD00795629 /* StringExtensions.swift */; };
		74F6E44C2964823F00795629 /* NetworkService.swift in Sources */ = {isa = PBXBuildFile; fileRef = 74F6E44B2964823F00795629 /* NetworkService.swift */; };
		74F6E44F2964A87E00795629 /* DependencyRegistrationService.swift in Sources */ = {isa = PBXBuildFile; fileRef = 74F6E44E2964A87E00795629 /* DependencyRegistrationService.swift */; };
		74F6E4532964A8D600795629 /* ServiceRegistration.swift in Sources */ = {isa = PBXBuildFile; fileRef = 74F6E4522964A8D600795629 /* ServiceRegistration.swift */; };
		74F6E4552964AA3700795629 /* RemoteServiceRegistration.swift in Sources */ = {isa = PBXBuildFile; fileRef = 74F6E4542964AA3700795629 /* RemoteServiceRegistration.swift */; };
		A92F9C791844C3D8D8ED6CF6 /* Pods_MovieLatte.framework in Frameworks */ = {isa = PBXBuildFile; fileRef = A7629F2D44E00E45174A2597 /* Pods_MovieLatte.framework */; };
/* End PBXBuildFile section */

/* Begin PBXFileReference section */
		7462B2AA2966BE7F0015469E /* DetailController.swift */ = {isa = PBXFileReference; lastKnownFileType = sourcecode.swift; path = DetailController.swift; sourceTree = "<group>"; };
		7462B2AE2966CE630015469E /* DetailResponse.swift */ = {isa = PBXFileReference; lastKnownFileType = sourcecode.swift; path = DetailResponse.swift; sourceTree = "<group>"; };
		7462B2B02966CF320015469E /* DetailUIModel.swift */ = {isa = PBXFileReference; lastKnownFileType = sourcecode.swift; path = DetailUIModel.swift; sourceTree = "<group>"; };
		7462B2B22966D0090015469E /* DetailRepository.swift */ = {isa = PBXFileReference; lastKnownFileType = sourcecode.swift; path = DetailRepository.swift; sourceTree = "<group>"; };
		7462B2B42966D0630015469E /* DetailRemoteService.swift */ = {isa = PBXFileReference; lastKnownFileType = sourcecode.swift; path = DetailRemoteService.swift; sourceTree = "<group>"; };
		7462B2B629673D600015469E /* PosterHeaderCell.swift */ = {isa = PBXFileReference; lastKnownFileType = sourcecode.swift; path = PosterHeaderCell.swift; sourceTree = "<group>"; };
		7462B2BC29673F790015469E /* PosterHeaderCell.xib */ = {isa = PBXFileReference; lastKnownFileType = file.xib; path = PosterHeaderCell.xib; sourceTree = "<group>"; };
		7483A73E2964C1E900643832 /* HomeController.swift */ = {isa = PBXFileReference; lastKnownFileType = sourcecode.swift; path = HomeController.swift; sourceTree = "<group>"; };
		7483A7402964C29700643832 /* SearchResultCell.xib */ = {isa = PBXFileReference; lastKnownFileType = file.xib; path = SearchResultCell.xib; sourceTree = "<group>"; };
		7483A7422964C51B00643832 /* SearchResultCell.swift */ = {isa = PBXFileReference; lastKnownFileType = sourcecode.swift; path = SearchResultCell.swift; sourceTree = "<group>"; };
		7483A746296575DB00643832 /* SearchRepository.swift */ = {isa = PBXFileReference; lastKnownFileType = sourcecode.swift; path = SearchRepository.swift; sourceTree = "<group>"; };
		7483A748296577A400643832 /* RepositoryRegistration.swift */ = {isa = PBXFileReference; lastKnownFileType = sourcecode.swift; path = RepositoryRegistration.swift; sourceTree = "<group>"; };
		7483A74A2965787A00643832 /* MultiSearchUIModel.swift */ = {isa = PBXFileReference; lastKnownFileType = sourcecode.swift; path = MultiSearchUIModel.swift; sourceTree = "<group>"; };
		748863612964AEF100B1BF91 /* ImageviewExtension.swift */ = {isa = PBXFileReference; lastKnownFileType = sourcecode.swift; path = ImageviewExtension.swift; sourceTree = "<group>"; };
		748863642964B27500B1BF91 /* Endpoints.swift */ = {isa = PBXFileReference; lastKnownFileType = sourcecode.swift; path = Endpoints.swift; sourceTree = "<group>"; };
		748863672964B48400B1BF91 /* MultiSearchResponse.swift */ = {isa = PBXFileReference; lastKnownFileType = sourcecode.swift; path = MultiSearchResponse.swift; sourceTree = "<group>"; };
		7488636A2964B5DA00B1BF91 /* SearchRemoteService.swift */ = {isa = PBXFileReference; lastKnownFileType = sourcecode.swift; path = SearchRemoteService.swift; sourceTree = "<group>"; };
		74F6E40C296443D400795629 /* MovieLatte.app */ = {isa = PBXFileReference; explicitFileType = wrapper.application; includeInIndex = 0; path = MovieLatte.app; sourceTree = BUILT_PRODUCTS_DIR; };
		74F6E40F296443D400795629 /* AppDelegate.swift */ = {isa = PBXFileReference; lastKnownFileType = sourcecode.swift; path = AppDelegate.swift; sourceTree = "<group>"; };
		74F6E411296443D400795629 /* SceneDelegate.swift */ = {isa = PBXFileReference; lastKnownFileType = sourcecode.swift; path = SceneDelegate.swift; sourceTree = "<group>"; };
		74F6E413296443D400795629 /* SearchController.swift */ = {isa = PBXFileReference; lastKnownFileType = sourcecode.swift; path = SearchController.swift; sourceTree = "<group>"; };
		74F6E416296443D400795629 /* Base */ = {isa = PBXFileReference; lastKnownFileType = file.storyboard; name = Base; path = Base.lproj/Main.storyboard; sourceTree = "<group>"; };
		74F6E418296443D400795629 /* Assets.xcassets */ = {isa = PBXFileReference; lastKnownFileType = folder.assetcatalog; path = Assets.xcassets; sourceTree = "<group>"; };
		74F6E41B296443D400795629 /* Base */ = {isa = PBXFileReference; lastKnownFileType = file.storyboard; name = Base; path = Base.lproj/LaunchScreen.storyboard; sourceTree = "<group>"; };
		74F6E41D296443D400795629 /* Info.plist */ = {isa = PBXFileReference; lastKnownFileType = text.plist.xml; path = Info.plist; sourceTree = "<group>"; };
		74F6E423296443F200795629 /* README.md */ = {isa = PBXFileReference; lastKnownFileType = net.daringfireball.markdown; path = README.md; sourceTree = "<group>"; };
		74F6E4292964740B00795629 /* AppConfig.swift */ = {isa = PBXFileReference; lastKnownFileType = sourcecode.swift; path = AppConfig.swift; sourceTree = "<group>"; };
		74F6E42D29647AC500795629 /* RequestObject.swift */ = {isa = PBXFileReference; lastKnownFileType = sourcecode.swift; path = RequestObject.swift; sourceTree = "<group>"; };
		74F6E42F29647AF500795629 /* HTTPMethod.swift */ = {isa = PBXFileReference; lastKnownFileType = sourcecode.swift; path = HTTPMethod.swift; sourceTree = "<group>"; };
		74F6E43229647B2B00795629 /* URLComponentExtensions.swift */ = {isa = PBXFileReference; lastKnownFileType = sourcecode.swift; path = URLComponentExtensions.swift; sourceTree = "<group>"; };
		74F6E43529647B7B00795629 /* HTTPStatus.swift */ = {isa = PBXFileReference; lastKnownFileType = sourcecode.swift; path = HTTPStatus.swift; sourceTree = "<group>"; };
		74F6E43729647CDC00795629 /* AppError.swift */ = {isa = PBXFileReference; lastKnownFileType = sourcecode.swift; path = AppError.swift; sourceTree = "<group>"; };
		74F6E43929647CF800795629 /* DateFormatter.swift */ = {isa = PBXFileReference; lastKnownFileType = sourcecode.swift; path = DateFormatter.swift; sourceTree = "<group>"; };
		74F6E43B29647D1A00795629 /* HTTPResponseExtension.swift */ = {isa = PBXFileReference; lastKnownFileType = sourcecode.swift; path = HTTPResponseExtension.swift; sourceTree = "<group>"; };
		74F6E43D29647D3700795629 /* URLSessionExtension.swift */ = {isa = PBXFileReference; lastKnownFileType = sourcecode.swift; path = URLSessionExtension.swift; sourceTree = "<group>"; };
		74F6E44029647D5500795629 /* NetworkLoader.swift */ = {isa = PBXFileReference; lastKnownFileType = sourcecode.swift; path = NetworkLoader.swift; sourceTree = "<group>"; };
		74F6E44229647DEB00795629 /* TargetEndpointProtocol.swift */ = {isa = PBXFileReference; lastKnownFileType = sourcecode.swift; path = TargetEndpointProtocol.swift; sourceTree = "<group>"; };
		74F6E44429647E3E00795629 /* BaseServiceProtocol.swift */ = {isa = PBXFileReference; lastKnownFileType = sourcecode.swift; path = BaseServiceProtocol.swift; sourceTree = "<group>"; };
		74F6E44629647EFD00795629 /* Requestable.swift */ = {isa = PBXFileReference; lastKnownFileType = sourcecode.swift; path = Requestable.swift; sourceTree = "<group>"; };
		74F6E449296480BD00795629 /* StringExtensions.swift */ = {isa = PBXFileReference; lastKnownFileType = sourcecode.swift; path = StringExtensions.swift; sourceTree = "<group>"; };
		74F6E44B2964823F00795629 /* NetworkService.swift */ = {isa = PBXFileReference; lastKnownFileType = sourcecode.swift; path = NetworkService.swift; sourceTree = "<group>"; };
		74F6E44E2964A87E00795629 /* DependencyRegistrationService.swift */ = {isa = PBXFileReference; lastKnownFileType = sourcecode.swift; path = DependencyRegistrationService.swift; sourceTree = "<group>"; };
		74F6E4522964A8D600795629 /* ServiceRegistration.swift */ = {isa = PBXFileReference; lastKnownFileType = sourcecode.swift; path = ServiceRegistration.swift; sourceTree = "<group>"; };
		74F6E4542964AA3700795629 /* RemoteServiceRegistration.swift */ = {isa = PBXFileReference; lastKnownFileType = sourcecode.swift; path = RemoteServiceRegistration.swift; sourceTree = "<group>"; };
		81FA9E21D89ADE64B32BD021 /* Pods-MovieLatte.debug.xcconfig */ = {isa = PBXFileReference; includeInIndex = 1; lastKnownFileType = text.xcconfig; name = "Pods-MovieLatte.debug.xcconfig"; path = "Target Support Files/Pods-MovieLatte/Pods-MovieLatte.debug.xcconfig"; sourceTree = "<group>"; };
		A7629F2D44E00E45174A2597 /* Pods_MovieLatte.framework */ = {isa = PBXFileReference; explicitFileType = wrapper.framework; includeInIndex = 0; path = Pods_MovieLatte.framework; sourceTree = BUILT_PRODUCTS_DIR; };
		E79062FB239CCF2BF9CD1585 /* Pods-MovieLatte.release.xcconfig */ = {isa = PBXFileReference; includeInIndex = 1; lastKnownFileType = text.xcconfig; name = "Pods-MovieLatte.release.xcconfig"; path = "Target Support Files/Pods-MovieLatte/Pods-MovieLatte.release.xcconfig"; sourceTree = "<group>"; };
/* End PBXFileReference section */

/* Begin PBXFrameworksBuildPhase section */
		74F6E409296443D400795629 /* Frameworks */ = {
			isa = PBXFrameworksBuildPhase;
			buildActionMask = 2147483647;
			files = (
				A92F9C791844C3D8D8ED6CF6 /* Pods_MovieLatte.framework in Frameworks */,
			);
			runOnlyForDeploymentPostprocessing = 0;
		};
/* End PBXFrameworksBuildPhase section */

/* Begin PBXGroup section */
		3745BA216FDCF2477171C71F /* Frameworks */ = {
			isa = PBXGroup;
			children = (
				A7629F2D44E00E45174A2597 /* Pods_MovieLatte.framework */,
			);
			name = Frameworks;
			sourceTree = "<group>";
		};
		450F7F5D63F11E4C4F7A0FAC /* Pods */ = {
			isa = PBXGroup;
			children = (
				81FA9E21D89ADE64B32BD021 /* Pods-MovieLatte.debug.xcconfig */,
				E79062FB239CCF2BF9CD1585 /* Pods-MovieLatte.release.xcconfig */,
			);
			path = Pods;
			sourceTree = "<group>";
		};
		7462B2A72966B7010015469E /* UIModels */ = {
			isa = PBXGroup;
			children = (
				7483A74A2965787A00643832 /* MultiSearchUIModel.swift */,
				7462B2B02966CF320015469E /* DetailUIModel.swift */,
			);
			path = UIModels;
			sourceTree = "<group>";
		};
		7462B2A82966BE1D0015469E /* Cells */ = {
			isa = PBXGroup;
			children = (
				7483A7402964C29700643832 /* SearchResultCell.xib */,
				7462B2BC29673F790015469E /* PosterHeaderCell.xib */,
			);
			path = Cells;
			sourceTree = "<group>";
		};
		7462B2A92966BE280015469E /* Main */ = {
			isa = PBXGroup;
			children = (
				74F6E415296443D400795629 /* Main.storyboard */,
			);
			path = Main;
			sourceTree = "<group>";
		};
		7462B2AD2966BE8A0015469E /* Detail */ = {
			isa = PBXGroup;
			children = (
				7462B2B629673D600015469E /* PosterHeaderCell.swift */,
				7462B2AA2966BE7F0015469E /* DetailController.swift */,
			);
			path = Detail;
			sourceTree = "<group>";
		};
		7483A7442964C54400643832 /* Search */ = {
			isa = PBXGroup;
			children = (
				74F6E413296443D400795629 /* SearchController.swift */,
				7483A7422964C51B00643832 /* SearchResultCell.swift */,
			);
			path = Search;
			sourceTree = "<group>";
		};
		7483A745296575B100643832 /* Repositories */ = {
			isa = PBXGroup;
			children = (
				7483A746296575DB00643832 /* SearchRepository.swift */,
				7462B2B22966D0090015469E /* DetailRepository.swift */,
			);
			path = Repositories;
			sourceTree = "<group>";
		};
		748863602964AEE100B1BF91 /* Extensions */ = {
			isa = PBXGroup;
			children = (
				74F6E449296480BD00795629 /* StringExtensions.swift */,
				748863612964AEF100B1BF91 /* ImageviewExtension.swift */,
			);
			path = Extensions;
			sourceTree = "<group>";
		};
		748863632964B26700B1BF91 /* Endpoints */ = {
			isa = PBXGroup;
			children = (
				748863642964B27500B1BF91 /* Endpoints.swift */,
			);
			path = Endpoints;
			sourceTree = "<group>";
		};
		748863662964B47900B1BF91 /* Responses */ = {
			isa = PBXGroup;
			children = (
				748863672964B48400B1BF91 /* MultiSearchResponse.swift */,
				7462B2AE2966CE630015469E /* DetailResponse.swift */,
			);
			path = Responses;
			sourceTree = "<group>";
		};
		748863692964B5BF00B1BF91 /* RemoteServices */ = {
			isa = PBXGroup;
			children = (
				7488636A2964B5DA00B1BF91 /* SearchRemoteService.swift */,
				7462B2B42966D0630015469E /* DetailRemoteService.swift */,
			);
			path = RemoteServices;
			sourceTree = "<group>";
		};
		74F6E403296443D400795629 = {
			isa = PBXGroup;
			children = (
				74F6E423296443F200795629 /* README.md */,
				74F6E40E296443D400795629 /* MovieLatte */,
				74F6E40D296443D400795629 /* Products */,
				450F7F5D63F11E4C4F7A0FAC /* Pods */,
				3745BA216FDCF2477171C71F /* Frameworks */,
			);
			sourceTree = "<group>";
		};
		74F6E40D296443D400795629 /* Products */ = {
			isa = PBXGroup;
			children = (
				74F6E40C296443D400795629 /* MovieLatte.app */,
			);
			name = Products;
			sourceTree = "<group>";
		};
		74F6E40E296443D400795629 /* MovieLatte */ = {
			isa = PBXGroup;
			children = (
				74F6E44D2964A86B00795629 /* AppDelegateServices */,
				74F6E4512964A8BE00795629 /* DepencyInjections */,
				74F6E42B29647A3900795629 /* Application */,
				74F6E42C29647A4F00795629 /* Core */,
				74F6E4292964740B00795629 /* AppConfig.swift */,
				74F6E40F296443D400795629 /* AppDelegate.swift */,
				74F6E411296443D400795629 /* SceneDelegate.swift */,
				74F6E418296443D400795629 /* Assets.xcassets */,
				74F6E41D296443D400795629 /* Info.plist */,
			);
			path = MovieLatte;
			sourceTree = "<group>";
		};
		74F6E425296445D900795629 /* Views */ = {
			isa = PBXGroup;
			children = (
				7462B2A92966BE280015469E /* Main */,
				7462B2A82966BE1D0015469E /* Cells */,
				74F6E41A296443D400795629 /* LaunchScreen.storyboard */,
			);
			path = Views;
			sourceTree = "<group>";
		};
		74F6E4262964461E00795629 /* Model */ = {
			isa = PBXGroup;
			children = (
				7483A745296575B100643832 /* Repositories */,
				7462B2A72966B7010015469E /* UIModels */,
				748863662964B47900B1BF91 /* Responses */,
			);
			path = Model;
			sourceTree = "<group>";
		};
		74F6E4272964462300795629 /* Network */ = {
			isa = PBXGroup;
			children = (
				74F6E44B2964823F00795629 /* NetworkService.swift */,
				748863692964B5BF00B1BF91 /* RemoteServices */,
				748863632964B26700B1BF91 /* Endpoints */,
			);
			path = Network;
			sourceTree = "<group>";
		};
		74F6E4282964462E00795629 /* Controllers */ = {
			isa = PBXGroup;
			children = (
				7483A7442964C54400643832 /* Search */,
				7483A73E2964C1E900643832 /* HomeController.swift */,
				7462B2AD2966BE8A0015469E /* Detail */,
			);
			path = Controllers;
			sourceTree = "<group>";
		};
		74F6E42B29647A3900795629 /* Application */ = {
			isa = PBXGroup;
			children = (
				74F6E4272964462300795629 /* Network */,
				74F6E4282964462E00795629 /* Controllers */,
				74F6E4262964461E00795629 /* Model */,
				74F6E425296445D900795629 /* Views */,
			);
			path = Application;
			sourceTree = "<group>";
		};
		74F6E42C29647A4F00795629 /* Core */ = {
			isa = PBXGroup;
			children = (
				748863602964AEE100B1BF91 /* Extensions */,
				74F6E448296480A000795629 /* Network */,
			);
			path = Core;
			sourceTree = "<group>";
		};
		74F6E43129647B1600795629 /* Extensions */ = {
			isa = PBXGroup;
			children = (
				74F6E43229647B2B00795629 /* URLComponentExtensions.swift */,
				74F6E43B29647D1A00795629 /* HTTPResponseExtension.swift */,
				74F6E43D29647D3700795629 /* URLSessionExtension.swift */,
			);
			path = Extensions;
			sourceTree = "<group>";
		};
		74F6E43429647B6700795629 /* Entities */ = {
			isa = PBXGroup;
			children = (
				74F6E42D29647AC500795629 /* RequestObject.swift */,
				74F6E42F29647AF500795629 /* HTTPMethod.swift */,
				74F6E43529647B7B00795629 /* HTTPStatus.swift */,
				74F6E43729647CDC00795629 /* AppError.swift */,
				74F6E43929647CF800795629 /* DateFormatter.swift */,
			);
			path = Entities;
			sourceTree = "<group>";
		};
		74F6E43F29647D4900795629 /* Protocols */ = {
			isa = PBXGroup;
			children = (
				74F6E44229647DEB00795629 /* TargetEndpointProtocol.swift */,
				74F6E44429647E3E00795629 /* BaseServiceProtocol.swift */,
				74F6E44629647EFD00795629 /* Requestable.swift */,
				74F6E44029647D5500795629 /* NetworkLoader.swift */,
			);
			path = Protocols;
			sourceTree = "<group>";
		};
		74F6E448296480A000795629 /* Network */ = {
			isa = PBXGroup;
			children = (
				74F6E43F29647D4900795629 /* Protocols */,
				74F6E43129647B1600795629 /* Extensions */,
				74F6E43429647B6700795629 /* Entities */,
			);
			path = Network;
			sourceTree = "<group>";
		};
		74F6E44D2964A86B00795629 /* AppDelegateServices */ = {
			isa = PBXGroup;
			children = (
				74F6E44E2964A87E00795629 /* DependencyRegistrationService.swift */,
			);
			path = AppDelegateServices;
			sourceTree = "<group>";
		};
		74F6E4512964A8BE00795629 /* DepencyInjections */ = {
			isa = PBXGroup;
			children = (
				74F6E4542964AA3700795629 /* RemoteServiceRegistration.swift */,
				74F6E4522964A8D600795629 /* ServiceRegistration.swift */,
				7483A748296577A400643832 /* RepositoryRegistration.swift */,
			);
			path = DepencyInjections;
			sourceTree = "<group>";
		};
/* End PBXGroup section */

/* Begin PBXNativeTarget section */
		74F6E40B296443D400795629 /* MovieLatte */ = {
			isa = PBXNativeTarget;
			buildConfigurationList = 74F6E420296443D400795629 /* Build configuration list for PBXNativeTarget "MovieLatte" */;
			buildPhases = (
				1372BB3F7790E600F4A0BF20 /* [CP] Check Pods Manifest.lock */,
				74F6E408296443D400795629 /* Sources */,
				74F6E409296443D400795629 /* Frameworks */,
				74F6E40A296443D400795629 /* Resources */,
				AA49A377C0E503B27886DCD0 /* [CP] Embed Pods Frameworks */,
			);
			buildRules = (
			);
			dependencies = (
			);
			name = MovieLatte;
			productName = MovieLatte;
			productReference = 74F6E40C296443D400795629 /* MovieLatte.app */;
			productType = "com.apple.product-type.application";
		};
/* End PBXNativeTarget section */

/* Begin PBXProject section */
		74F6E404296443D400795629 /* Project object */ = {
			isa = PBXProject;
			attributes = {
				BuildIndependentTargetsInParallel = 1;
				LastSwiftUpdateCheck = 1420;
				LastUpgradeCheck = 1420;
				TargetAttributes = {
					74F6E40B296443D400795629 = {
						CreatedOnToolsVersion = 14.2;
					};
				};
			};
			buildConfigurationList = 74F6E407296443D400795629 /* Build configuration list for PBXProject "MovieLatte" */;
			compatibilityVersion = "Xcode 13.0";
			developmentRegion = en;
			hasScannedForEncodings = 0;
			knownRegions = (
				en,
				Base,
			);
			mainGroup = 74F6E403296443D400795629;
			productRefGroup = 74F6E40D296443D400795629 /* Products */;
			projectDirPath = "";
			projectRoot = "";
			targets = (
				74F6E40B296443D400795629 /* MovieLatte */,
			);
		};
/* End PBXProject section */

/* Begin PBXResourcesBuildPhase section */
		74F6E40A296443D400795629 /* Resources */ = {
			isa = PBXResourcesBuildPhase;
			buildActionMask = 2147483647;
			files = (
				7462B2BD29673F790015469E /* PosterHeaderCell.xib in Resources */,
				74F6E41C296443D400795629 /* LaunchScreen.storyboard in Resources */,
				74F6E419296443D400795629 /* Assets.xcassets in Resources */,
				7483A7412964C29700643832 /* SearchResultCell.xib in Resources */,
				74F6E417296443D400795629 /* Main.storyboard in Resources */,
			);
			runOnlyForDeploymentPostprocessing = 0;
		};
/* End PBXResourcesBuildPhase section */

/* Begin PBXShellScriptBuildPhase section */
		1372BB3F7790E600F4A0BF20 /* [CP] Check Pods Manifest.lock */ = {
			isa = PBXShellScriptBuildPhase;
			buildActionMask = 2147483647;
			files = (
			);
			inputFileListPaths = (
			);
			inputPaths = (
				"${PODS_PODFILE_DIR_PATH}/Podfile.lock",
				"${PODS_ROOT}/Manifest.lock",
			);
			name = "[CP] Check Pods Manifest.lock";
			outputFileListPaths = (
			);
			outputPaths = (
				"$(DERIVED_FILE_DIR)/Pods-MovieLatte-checkManifestLockResult.txt",
			);
			runOnlyForDeploymentPostprocessing = 0;
			shellPath = /bin/sh;
			shellScript = "diff \"${PODS_PODFILE_DIR_PATH}/Podfile.lock\" \"${PODS_ROOT}/Manifest.lock\" > /dev/null\nif [ $? != 0 ] ; then\n    # print error to STDERR\n    echo \"error: The sandbox is not in sync with the Podfile.lock. Run 'pod install' or update your CocoaPods installation.\" >&2\n    exit 1\nfi\n# This output is used by Xcode 'outputs' to avoid re-running this script phase.\necho \"SUCCESS\" > \"${SCRIPT_OUTPUT_FILE_0}\"\n";
			showEnvVarsInLog = 0;
		};
		AA49A377C0E503B27886DCD0 /* [CP] Embed Pods Frameworks */ = {
			isa = PBXShellScriptBuildPhase;
			buildActionMask = 2147483647;
			files = (
			);
			inputFileListPaths = (
				"${PODS_ROOT}/Target Support Files/Pods-MovieLatte/Pods-MovieLatte-frameworks-${CONFIGURATION}-input-files.xcfilelist",
			);
			name = "[CP] Embed Pods Frameworks";
			outputFileListPaths = (
				"${PODS_ROOT}/Target Support Files/Pods-MovieLatte/Pods-MovieLatte-frameworks-${CONFIGURATION}-output-files.xcfilelist",
			);
			runOnlyForDeploymentPostprocessing = 0;
			shellPath = /bin/sh;
			shellScript = "\"${PODS_ROOT}/Target Support Files/Pods-MovieLatte/Pods-MovieLatte-frameworks.sh\"\n";
			showEnvVarsInLog = 0;
		};
/* End PBXShellScriptBuildPhase section */

/* Begin PBXSourcesBuildPhase section */
		74F6E408296443D400795629 /* Sources */ = {
			isa = PBXSourcesBuildPhase;
			buildActionMask = 2147483647;
			files = (
				7462B2AB2966BE7F0015469E /* DetailController.swift in Sources */,
				74F6E44129647D5500795629 /* NetworkLoader.swift in Sources */,
				74F6E44329647DEB00795629 /* TargetEndpointProtocol.swift in Sources */,
				7462B2B52966D0630015469E /* DetailRemoteService.swift in Sources */,
				74F6E414296443D400795629 /* SearchController.swift in Sources */,
				7483A74B2965787A00643832 /* MultiSearchUIModel.swift in Sources */,
				74F6E44529647E3E00795629 /* BaseServiceProtocol.swift in Sources */,
				74F6E44C2964823F00795629 /* NetworkService.swift in Sources */,
				74F6E4552964AA3700795629 /* RemoteServiceRegistration.swift in Sources */,
				7483A73F2964C1E900643832 /* HomeController.swift in Sources */,
				74F6E43329647B2B00795629 /* URLComponentExtensions.swift in Sources */,
				7483A7432964C51B00643832 /* SearchResultCell.swift in Sources */,
				74F6E44F2964A87E00795629 /* DependencyRegistrationService.swift in Sources */,
				74F6E43829647CDC00795629 /* AppError.swift in Sources */,
				7483A747296575DB00643832 /* SearchRepository.swift in Sources */,
				74F6E4532964A8D600795629 /* ServiceRegistration.swift in Sources */,
				74F6E43C29647D1A00795629 /* HTTPResponseExtension.swift in Sources */,
				74F6E410296443D400795629 /* AppDelegate.swift in Sources */,
				7462B2AF2966CE630015469E /* DetailResponse.swift in Sources */,
				7462B2B12966CF320015469E /* DetailUIModel.swift in Sources */,
				748863652964B27500B1BF91 /* Endpoints.swift in Sources */,
				748863622964AEF100B1BF91 /* ImageviewExtension.swift in Sources */,
				74F6E43A29647CF800795629 /* DateFormatter.swift in Sources */,
				7462B2B829673D600015469E /* PosterHeaderCell.swift in Sources */,
				74F6E44729647EFD00795629 /* Requestable.swift in Sources */,
				74F6E43029647AF500795629 /* HTTPMethod.swift in Sources */,
				74F6E42A2964740B00795629 /* AppConfig.swift in Sources */,
				74F6E43E29647D3700795629 /* URLSessionExtension.swift in Sources */,
				7488636B2964B5DA00B1BF91 /* SearchRemoteService.swift in Sources */,
				74F6E42E29647AC500795629 /* RequestObject.swift in Sources */,
				748863682964B48400B1BF91 /* MultiSearchResponse.swift in Sources */,
				74F6E44A296480BD00795629 /* StringExtensions.swift in Sources */,
				74F6E412296443D400795629 /* SceneDelegate.swift in Sources */,
				74F6E43629647B7B00795629 /* HTTPStatus.swift in Sources */,
				7462B2B32966D0090015469E /* DetailRepository.swift in Sources */,
				7483A749296577A400643832 /* RepositoryRegistration.swift in Sources */,
			);
			runOnlyForDeploymentPostprocessing = 0;
		};
/* End PBXSourcesBuildPhase section */

/* Begin PBXVariantGroup section */
		74F6E415296443D400795629 /* Main.storyboard */ = {
			isa = PBXVariantGroup;
			children = (
				74F6E416296443D400795629 /* Base */,
			);
			name = Main.storyboard;
			sourceTree = "<group>";
		};
		74F6E41A296443D400795629 /* LaunchScreen.storyboard */ = {
			isa = PBXVariantGroup;
			children = (
				74F6E41B296443D400795629 /* Base */,
			);
			name = LaunchScreen.storyboard;
			sourceTree = "<group>";
		};
/* End PBXVariantGroup section */

/* Begin XCBuildConfiguration section */
		74F6E41E296443D400795629 /* Debug */ = {
			isa = XCBuildConfiguration;
			buildSettings = {
				ALWAYS_SEARCH_USER_PATHS = NO;
				CLANG_ANALYZER_NONNULL = YES;
				CLANG_ANALYZER_NUMBER_OBJECT_CONVERSION = YES_AGGRESSIVE;
				CLANG_CXX_LANGUAGE_STANDARD = "gnu++20";
				CLANG_ENABLE_MODULES = YES;
				CLANG_ENABLE_OBJC_ARC = YES;
				CLANG_ENABLE_OBJC_WEAK = YES;
				CLANG_WARN_BLOCK_CAPTURE_AUTORELEASING = YES;
				CLANG_WARN_BOOL_CONVERSION = YES;
				CLANG_WARN_COMMA = YES;
				CLANG_WARN_CONSTANT_CONVERSION = YES;
				CLANG_WARN_DEPRECATED_OBJC_IMPLEMENTATIONS = YES;
				CLANG_WARN_DIRECT_OBJC_ISA_USAGE = YES_ERROR;
				CLANG_WARN_DOCUMENTATION_COMMENTS = YES;
				CLANG_WARN_EMPTY_BODY = YES;
				CLANG_WARN_ENUM_CONVERSION = YES;
				CLANG_WARN_INFINITE_RECURSION = YES;
				CLANG_WARN_INT_CONVERSION = YES;
				CLANG_WARN_NON_LITERAL_NULL_CONVERSION = YES;
				CLANG_WARN_OBJC_IMPLICIT_RETAIN_SELF = YES;
				CLANG_WARN_OBJC_LITERAL_CONVERSION = YES;
				CLANG_WARN_OBJC_ROOT_CLASS = YES_ERROR;
				CLANG_WARN_QUOTED_INCLUDE_IN_FRAMEWORK_HEADER = YES;
				CLANG_WARN_RANGE_LOOP_ANALYSIS = YES;
				CLANG_WARN_STRICT_PROTOTYPES = YES;
				CLANG_WARN_SUSPICIOUS_MOVE = YES;
				CLANG_WARN_UNGUARDED_AVAILABILITY = YES_AGGRESSIVE;
				CLANG_WARN_UNREACHABLE_CODE = YES;
				CLANG_WARN__DUPLICATE_METHOD_MATCH = YES;
				COPY_PHASE_STRIP = NO;
				DEBUG_INFORMATION_FORMAT = dwarf;
				ENABLE_STRICT_OBJC_MSGSEND = YES;
				ENABLE_TESTABILITY = YES;
				GCC_C_LANGUAGE_STANDARD = gnu11;
				GCC_DYNAMIC_NO_PIC = NO;
				GCC_NO_COMMON_BLOCKS = YES;
				GCC_OPTIMIZATION_LEVEL = 0;
				GCC_PREPROCESSOR_DEFINITIONS = (
					"DEBUG=1",
					"$(inherited)",
				);
				GCC_WARN_64_TO_32_BIT_CONVERSION = YES;
				GCC_WARN_ABOUT_RETURN_TYPE = YES_ERROR;
				GCC_WARN_UNDECLARED_SELECTOR = YES;
				GCC_WARN_UNINITIALIZED_AUTOS = YES_AGGRESSIVE;
				GCC_WARN_UNUSED_FUNCTION = YES;
				GCC_WARN_UNUSED_VARIABLE = YES;
				IPHONEOS_DEPLOYMENT_TARGET = 13.0;
				MTL_ENABLE_DEBUG_INFO = INCLUDE_SOURCE;
				MTL_FAST_MATH = YES;
				ONLY_ACTIVE_ARCH = YES;
				SDKROOT = iphoneos;
				SWIFT_ACTIVE_COMPILATION_CONDITIONS = DEBUG;
				SWIFT_OPTIMIZATION_LEVEL = "-Onone";
			};
			name = Debug;
		};
		74F6E41F296443D400795629 /* Release */ = {
			isa = XCBuildConfiguration;
			buildSettings = {
				ALWAYS_SEARCH_USER_PATHS = NO;
				CLANG_ANALYZER_NONNULL = YES;
				CLANG_ANALYZER_NUMBER_OBJECT_CONVERSION = YES_AGGRESSIVE;
				CLANG_CXX_LANGUAGE_STANDARD = "gnu++20";
				CLANG_ENABLE_MODULES = YES;
				CLANG_ENABLE_OBJC_ARC = YES;
				CLANG_ENABLE_OBJC_WEAK = YES;
				CLANG_WARN_BLOCK_CAPTURE_AUTORELEASING = YES;
				CLANG_WARN_BOOL_CONVERSION = YES;
				CLANG_WARN_COMMA = YES;
				CLANG_WARN_CONSTANT_CONVERSION = YES;
				CLANG_WARN_DEPRECATED_OBJC_IMPLEMENTATIONS = YES;
				CLANG_WARN_DIRECT_OBJC_ISA_USAGE = YES_ERROR;
				CLANG_WARN_DOCUMENTATION_COMMENTS = YES;
				CLANG_WARN_EMPTY_BODY = YES;
				CLANG_WARN_ENUM_CONVERSION = YES;
				CLANG_WARN_INFINITE_RECURSION = YES;
				CLANG_WARN_INT_CONVERSION = YES;
				CLANG_WARN_NON_LITERAL_NULL_CONVERSION = YES;
				CLANG_WARN_OBJC_IMPLICIT_RETAIN_SELF = YES;
				CLANG_WARN_OBJC_LITERAL_CONVERSION = YES;
				CLANG_WARN_OBJC_ROOT_CLASS = YES_ERROR;
				CLANG_WARN_QUOTED_INCLUDE_IN_FRAMEWORK_HEADER = YES;
				CLANG_WARN_RANGE_LOOP_ANALYSIS = YES;
				CLANG_WARN_STRICT_PROTOTYPES = YES;
				CLANG_WARN_SUSPICIOUS_MOVE = YES;
				CLANG_WARN_UNGUARDED_AVAILABILITY = YES_AGGRESSIVE;
				CLANG_WARN_UNREACHABLE_CODE = YES;
				CLANG_WARN__DUPLICATE_METHOD_MATCH = YES;
				COPY_PHASE_STRIP = NO;
				DEBUG_INFORMATION_FORMAT = "dwarf-with-dsym";
				ENABLE_NS_ASSERTIONS = NO;
				ENABLE_STRICT_OBJC_MSGSEND = YES;
				GCC_C_LANGUAGE_STANDARD = gnu11;
				GCC_NO_COMMON_BLOCKS = YES;
				GCC_WARN_64_TO_32_BIT_CONVERSION = YES;
				GCC_WARN_ABOUT_RETURN_TYPE = YES_ERROR;
				GCC_WARN_UNDECLARED_SELECTOR = YES;
				GCC_WARN_UNINITIALIZED_AUTOS = YES_AGGRESSIVE;
				GCC_WARN_UNUSED_FUNCTION = YES;
				GCC_WARN_UNUSED_VARIABLE = YES;
				IPHONEOS_DEPLOYMENT_TARGET = 13.0;
				MTL_ENABLE_DEBUG_INFO = NO;
				MTL_FAST_MATH = YES;
				SDKROOT = iphoneos;
				SWIFT_COMPILATION_MODE = wholemodule;
				SWIFT_OPTIMIZATION_LEVEL = "-O";
				VALIDATE_PRODUCT = YES;
			};
			name = Release;
		};
		74F6E421296443D400795629 /* Debug */ = {
			isa = XCBuildConfiguration;
			baseConfigurationReference = 81FA9E21D89ADE64B32BD021 /* Pods-MovieLatte.debug.xcconfig */;
			buildSettings = {
				ASSETCATALOG_COMPILER_APPICON_NAME = AppIcon;
				ASSETCATALOG_COMPILER_GLOBAL_ACCENT_COLOR_NAME = AccentColor;
				CODE_SIGN_STYLE = Automatic;
				CURRENT_PROJECT_VERSION = 1;
				DEVELOPMENT_TEAM = 3JFC7AD7WA;
				GENERATE_INFOPLIST_FILE = YES;
				INFOPLIST_FILE = MovieLatte/Info.plist;
				INFOPLIST_KEY_UIApplicationSupportsIndirectInputEvents = YES;
				INFOPLIST_KEY_UILaunchStoryboardName = LaunchScreen;
				INFOPLIST_KEY_UIMainStoryboardFile = Main;
				INFOPLIST_KEY_UISupportedInterfaceOrientations_iPad = "UIInterfaceOrientationPortrait UIInterfaceOrientationPortraitUpsideDown UIInterfaceOrientationLandscapeLeft UIInterfaceOrientationLandscapeRight";
				INFOPLIST_KEY_UISupportedInterfaceOrientations_iPhone = "UIInterfaceOrientationPortrait UIInterfaceOrientationLandscapeLeft UIInterfaceOrientationLandscapeRight";
				IPHONEOS_DEPLOYMENT_TARGET = 13.0;
				LD_RUNPATH_SEARCH_PATHS = (
					"$(inherited)",
					"@executable_path/Frameworks",
				);
				MARKETING_VERSION = 1.0;
				PRODUCT_BUNDLE_IDENTIFIER = comMuhammed.MovieLatte;
				PRODUCT_NAME = "$(TARGET_NAME)";
				SWIFT_EMIT_LOC_STRINGS = YES;
				SWIFT_VERSION = 5.0;
				TARGETED_DEVICE_FAMILY = "1,2";
			};
			name = Debug;
		};
		74F6E422296443D400795629 /* Release */ = {
			isa = XCBuildConfiguration;
			baseConfigurationReference = E79062FB239CCF2BF9CD1585 /* Pods-MovieLatte.release.xcconfig */;
			buildSettings = {
				ASSETCATALOG_COMPILER_APPICON_NAME = AppIcon;
				ASSETCATALOG_COMPILER_GLOBAL_ACCENT_COLOR_NAME = AccentColor;
				CODE_SIGN_STYLE = Automatic;
				CURRENT_PROJECT_VERSION = 1;
				DEVELOPMENT_TEAM = 3JFC7AD7WA;
				GENERATE_INFOPLIST_FILE = YES;
				INFOPLIST_FILE = MovieLatte/Info.plist;
				INFOPLIST_KEY_UIApplicationSupportsIndirectInputEvents = YES;
				INFOPLIST_KEY_UILaunchStoryboardName = LaunchScreen;
				INFOPLIST_KEY_UIMainStoryboardFile = Main;
				INFOPLIST_KEY_UISupportedInterfaceOrientations_iPad = "UIInterfaceOrientationPortrait UIInterfaceOrientationPortraitUpsideDown UIInterfaceOrientationLandscapeLeft UIInterfaceOrientationLandscapeRight";
				INFOPLIST_KEY_UISupportedInterfaceOrientations_iPhone = "UIInterfaceOrientationPortrait UIInterfaceOrientationLandscapeLeft UIInterfaceOrientationLandscapeRight";
				IPHONEOS_DEPLOYMENT_TARGET = 13.0;
				LD_RUNPATH_SEARCH_PATHS = (
					"$(inherited)",
					"@executable_path/Frameworks",
				);
				MARKETING_VERSION = 1.0;
				PRODUCT_BUNDLE_IDENTIFIER = comMuhammed.MovieLatte;
				PRODUCT_NAME = "$(TARGET_NAME)";
				SWIFT_EMIT_LOC_STRINGS = YES;
				SWIFT_VERSION = 5.0;
				TARGETED_DEVICE_FAMILY = "1,2";
			};
			name = Release;
		};
/* End XCBuildConfiguration section */

/* Begin XCConfigurationList section */
		74F6E407296443D400795629 /* Build configuration list for PBXProject "MovieLatte" */ = {
			isa = XCConfigurationList;
			buildConfigurations = (
				74F6E41E296443D400795629 /* Debug */,
				74F6E41F296443D400795629 /* Release */,
			);
			defaultConfigurationIsVisible = 0;
			defaultConfigurationName = Release;
		};
		74F6E420296443D400795629 /* Build configuration list for PBXNativeTarget "MovieLatte" */ = {
			isa = XCConfigurationList;
			buildConfigurations = (
				74F6E421296443D400795629 /* Debug */,
				74F6E422296443D400795629 /* Release */,
			);
			defaultConfigurationIsVisible = 0;
			defaultConfigurationName = Release;
		};
/* End XCConfigurationList section */
	};
	rootObject = 74F6E404296443D400795629 /* Project object */;
}
